
Microsoft Visual Studio Solution File, Format Version 12.00
# Visual Studio Version 17
VisualStudioVersion = 17.7.34024.191
MinimumVisualStudioVersion = 10.0.40219.1
Project("{9A19103F-16F7-4668-BE54-9A1E7A4F7556}") = "OrderingApi", "OrderingApi\OrderingApi.csproj", "{F73FFC65-BD25-43B3-8257-D374432F53C9}"
EndProject
Project("{9A19103F-16F7-4668-BE54-9A1E7A4F7556}") = "ApiContracts", "ApiContracts\ApiContracts.csproj", "{FAE1B2B8-52E8-49D3-94E4-7D4C06296E9C}"
EndProject
Project("{9A19103F-16F7-4668-BE54-9A1E7A4F7556}") = "Domain", "Domain\Domain.csproj", "{C59CB453-33C9-4AC8-9FC9-6BB7DEB4BABA}"
EndProject
Project("{9A19103F-16F7-4668-BE54-9A1E7A4F7556}") = "Infrastructure", "Infrastructure\Infrastructure.csproj", "{32C9E8C9-9EE7-4F2F-A415-5E5D38B1942A}"
EndProject
Project("{9A19103F-16F7-4668-BE54-9A1E7A4F7556}") = "UseCases", "UseCases\UseCases.csproj", "{967AE93D-0E64-434A-88FA-23598524D150}"
EndProject
Project("{9A19103F-16F7-4668-BE54-9A1E7A4F7556}") = "Results", "Results\Results.csproj", "{1373DA07-C9BC-40FE-AC70-FA5E20BCFECB}"
EndProject
Project("{9A19103F-16F7-4668-BE54-9A1E7A4F7556}") = "Tests", "Tests\Tests.csproj", "{2EF7D922-A0EC-4D2C-AE07-71A26932DA1E}"
EndProject
Project("{2150E333-8FDC-42A3-9474-1A3956D46DE8}") = "Core", "Core", "{0E7F5274-23CE-4FA7-B4B7-EBBF5ACBCD32}"
EndProject
Project("{FAE04EC0-301F-11D3-BF4B-00C04F79EFBC}") = "Interfaces", "Interfaces\Interfaces.csproj", "{D09E52F5-6B80-45F0-93EF-46CC1EB4D4AD}"
EndProject
Project("{FAE04EC0-301F-11D3-BF4B-00C04F79EFBC}") = "Services", "Services\Services.csproj", "{1277579A-96C7-450A-BE32-1CBCF13B72B9}"
EndProject
Project("{2150E333-8FDC-42A3-9474-1A3956D46DE8}") = "Элементы решения", "Элементы решения", "{6F4F3104-9505-49BF-BA43-6BFB121E3350}"
	ProjectSection(SolutionItems) = preProject
		Todo.txt = Todo.txt
	EndProjectSection
EndProject
Global
	GlobalSection(SolutionConfigurationPlatforms) = preSolution
		Debug|Any CPU = Debug|Any CPU
		Release|Any CPU = Release|Any CPU
	EndGlobalSection
	GlobalSection(ProjectConfigurationPlatforms) = postSolution
		{F73FFC65-BD25-43B3-8257-D374432F53C9}.Debug|Any CPU.ActiveCfg = Debug|Any CPU
		{F73FFC65-BD25-43B3-8257-D374432F53C9}.Debug|Any CPU.Build.0 = Debug|Any CPU
		{F73FFC65-BD25-43B3-8257-D374432F53C9}.Release|Any CPU.ActiveCfg = Release|Any CPU
		{F73FFC65-BD25-43B3-8257-D374432F53C9}.Release|Any CPU.Build.0 = Release|Any CPU
		{FAE1B2B8-52E8-49D3-94E4-7D4C06296E9C}.Debug|Any CPU.ActiveCfg = Debug|Any CPU
		{FAE1B2B8-52E8-49D3-94E4-7D4C06296E9C}.Debug|Any CPU.Build.0 = Debug|Any CPU
		{FAE1B2B8-52E8-49D3-94E4-7D4C06296E9C}.Release|Any CPU.ActiveCfg = Release|Any CPU
		{FAE1B2B8-52E8-49D3-94E4-7D4C06296E9C}.Release|Any CPU.Build.0 = Release|Any CPU
		{C59CB453-33C9-4AC8-9FC9-6BB7DEB4BABA}.Debug|Any CPU.ActiveCfg = Debug|Any CPU
		{C59CB453-33C9-4AC8-9FC9-6BB7DEB4BABA}.Debug|Any CPU.Build.0 = Debug|Any CPU
		{C59CB453-33C9-4AC8-9FC9-6BB7DEB4BABA}.Release|Any CPU.ActiveCfg = Release|Any CPU
		{C59CB453-33C9-4AC8-9FC9-6BB7DEB4BABA}.Release|Any CPU.Build.0 = Release|Any CPU
		{32C9E8C9-9EE7-4F2F-A415-5E5D38B1942A}.Debug|Any CPU.ActiveCfg = Debug|Any CPU
		{32C9E8C9-9EE7-4F2F-A415-5E5D38B1942A}.Debug|Any CPU.Build.0 = Debug|Any CPU
		{32C9E8C9-9EE7-4F2F-A415-5E5D38B1942A}.Release|Any CPU.ActiveCfg = Release|Any CPU
		{32C9E8C9-9EE7-4F2F-A415-5E5D38B1942A}.Release|Any CPU.Build.0 = Release|Any CPU
		{967AE93D-0E64-434A-88FA-23598524D150}.Debug|Any CPU.ActiveCfg = Debug|Any CPU
		{967AE93D-0E64-434A-88FA-23598524D150}.Debug|Any CPU.Build.0 = Debug|Any CPU
		{967AE93D-0E64-434A-88FA-23598524D150}.Release|Any CPU.ActiveCfg = Release|Any CPU
		{967AE93D-0E64-434A-88FA-23598524D150}.Release|Any CPU.Build.0 = Release|Any CPU
		{1373DA07-C9BC-40FE-AC70-FA5E20BCFECB}.Debug|Any CPU.ActiveCfg = Debug|Any CPU
		{1373DA07-C9BC-40FE-AC70-FA5E20BCFECB}.Debug|Any CPU.Build.0 = Debug|Any CPU
		{1373DA07-C9BC-40FE-AC70-FA5E20BCFECB}.Release|Any CPU.ActiveCfg = Release|Any CPU
		{1373DA07-C9BC-40FE-AC70-FA5E20BCFECB}.Release|Any CPU.Build.0 = Release|Any CPU
		{2EF7D922-A0EC-4D2C-AE07-71A26932DA1E}.Debug|Any CPU.ActiveCfg = Debug|Any CPU
		{2EF7D922-A0EC-4D2C-AE07-71A26932DA1E}.Debug|Any CPU.Build.0 = Debug|Any CPU
		{2EF7D922-A0EC-4D2C-AE07-71A26932DA1E}.Release|Any CPU.ActiveCfg = Release|Any CPU
		{2EF7D922-A0EC-4D2C-AE07-71A26932DA1E}.Release|Any CPU.Build.0 = Release|Any CPU
		{D09E52F5-6B80-45F0-93EF-46CC1EB4D4AD}.Debug|Any CPU.ActiveCfg = Debug|Any CPU
		{D09E52F5-6B80-45F0-93EF-46CC1EB4D4AD}.Debug|Any CPU.Build.0 = Debug|Any CPU
		{D09E52F5-6B80-45F0-93EF-46CC1EB4D4AD}.Release|Any CPU.ActiveCfg = Release|Any CPU
		{D09E52F5-6B80-45F0-93EF-46CC1EB4D4AD}.Release|Any CPU.Build.0 = Release|Any CPU
		{1277579A-96C7-450A-BE32-1CBCF13B72B9}.Debug|Any CPU.ActiveCfg = Debug|Any CPU
		{1277579A-96C7-450A-BE32-1CBCF13B72B9}.Debug|Any CPU.Build.0 = Debug|Any CPU
		{1277579A-96C7-450A-BE32-1CBCF13B72B9}.Release|Any CPU.ActiveCfg = Release|Any CPU
		{1277579A-96C7-450A-BE32-1CBCF13B72B9}.Release|Any CPU.Build.0 = Release|Any CPU
	EndGlobalSection
	GlobalSection(SolutionProperties) = preSolution
		HideSolutionNode = FALSE
	EndGlobalSection
	GlobalSection(NestedProjects) = preSolution
		{FAE1B2B8-52E8-49D3-94E4-7D4C06296E9C} = {0E7F5274-23CE-4FA7-B4B7-EBBF5ACBCD32}
		{C59CB453-33C9-4AC8-9FC9-6BB7DEB4BABA} = {0E7F5274-23CE-4FA7-B4B7-EBBF5ACBCD32}
		{967AE93D-0E64-434A-88FA-23598524D150} = {0E7F5274-23CE-4FA7-B4B7-EBBF5ACBCD32}
		{1373DA07-C9BC-40FE-AC70-FA5E20BCFECB} = {0E7F5274-23CE-4FA7-B4B7-EBBF5ACBCD32}
		{D09E52F5-6B80-45F0-93EF-46CC1EB4D4AD} = {0E7F5274-23CE-4FA7-B4B7-EBBF5ACBCD32}
		{1277579A-96C7-450A-BE32-1CBCF13B72B9} = {0E7F5274-23CE-4FA7-B4B7-EBBF5ACBCD32}
	EndGlobalSection
	GlobalSection(ExtensibilityGlobals) = postSolution
		SolutionGuid = {5EC0BA1D-4CBA-4157-81FB-ADAB00A34959}
	EndGlobalSection
EndGlobal
